Microsoft Visual Studio Solution File, Format Version 12.00
# Visual Studio Version 17
VisualStudioVersion = 17.5.2.0
MinimumVisualStudioVersion = 10.0.40219.1
Project("{FAE04EC0-301F-11D3-BF4B-00C04F79EFBC}") = "library-game", "library-game\library-game.csproj", "{BE7AA3BD-DA41-B378-8E1E-B4008CD2346C}"
EndProject
Global
	GlobalSection(SolutionConfigurationPlatforms) = preSolution
		Debug|Any CPU = Debug|Any CPU
		Release|Any CPU = Release|Any CPU
	EndGlobalSection
	GlobalSection(ProjectConfigurationPlatforms) = postSolution
		{BE7AA3BD-DA41-B378-8E1E-B4008CD2346C}.Debug|Any CPU.ActiveCfg = Debug|Any CPU
		{BE7AA3BD-DA41-B378-8E1E-B4008CD2346C}.Debug|Any CPU.Build.0 = Debug|Any CPU
		{BE7AA3BD-DA41-B378-8E1E-B4008CD2346C}.Release|Any CPU.ActiveCfg = Release|Any CPU
		{BE7AA3BD-DA41-B378-8E1E-B4008CD2346C}.Release|Any CPU.Build.0 = Release|Any CPU
	EndGlobalSection
	GlobalSection(SolutionProperties) = preSolution
		HideSolutionNode = FALSE
	EndGlobalSection
	GlobalSection(ExtensibilityGlobals) = postSolution
		SolutionGuid = {C6FFB23C-34BF-40B8-BEAD-93AFD632702A}
	EndGlobalSection
EndGlobal
